
Microsoft Visual Studio Solution File, Format Version 12.00
# Visual Studio Version 17
VisualStudioVersion = 17.11.35303.130
MinimumVisualStudioVersion = 10.0.40219.1
Project("{2150E333-8FDC-42A3-9474-1A3956D46DE8}") = "Task0", "Task0", "{BA7AEC12-09B1-4644-9A45-5CF674E1836F}"
EndProject
Project("{9A19103F-16F7-4668-BE54-9A1E7A4F7556}") = "Tyuiu.SimonovMA.Sprint3.Task0.V29", "Tyuiu.SimonovMA.Sprint3.Task0.V29\Tyuiu.SimonovMA.Sprint3.Task0.V29.csproj", "{BCC150C8-CB9E-4AE0-97AF-A4AD0A0C37BA}"
EndProject
Project("{9A19103F-16F7-4668-BE54-9A1E7A4F7556}") = "Tyuiu.SimonovMA.Sprint3.Task0.V29.Lib", "Tyuiu.SimonovMA.Sprint3.Task0.V29.Lib\Tyuiu.SimonovMA.Sprint3.Task0.V29.Lib.csproj", "{DD1E17AF-4CD0-4624-B442-733B88D63B67}"
EndProject
Project("{9A19103F-16F7-4668-BE54-9A1E7A4F7556}") = "Tyuiu.SimonovMA.Sprint3.Task0.V29.Test", "Tyuiu.SimonovMA.Sprint3.Task0.V29.Test\Tyuiu.SimonovMA.Sprint3.Task0.V29.Test.csproj", "{CA0187E1-BF7F-46D7-82F2-EDEBE3E64C34}"
EndProject
Project("{2150E333-8FDC-42A3-9474-1A3956D46DE8}") = "Task1", "Task1", "{855E4EFC-4E1C-4049-A927-4DE0DE8AAE9D}"
EndProject
Project("{FAE04EC0-301F-11D3-BF4B-00C04F79EFBC}") = "Tyuiu.SimonovMA.Sprint3.Task1.V22", "Tyuiu.SimonovMA.Sprint3.Task1.V22\Tyuiu.SimonovMA.Sprint3.Task1.V22.csproj", "{4EEF8E2A-FFCD-46A5-B66F-AE7E1D2EE4EE}"
EndProject
Project("{FAE04EC0-301F-11D3-BF4B-00C04F79EFBC}") = "Tyuiu.SimonovMA.Sprint3.Task1.V22.Lib", "Tyuiu.SimonovMA.Sprint3.Task1.V22.Lib\Tyuiu.SimonovMA.Sprint3.Task1.V22.Lib.csproj", "{5191D298-D397-426C-9773-741B07885448}"
EndProject
Project("{FAE04EC0-301F-11D3-BF4B-00C04F79EFBC}") = "Tyuiu.SimonovMA.Sprint3.Task1.V22.Test", "Tyuiu.SimonovMA.Sprint3.Task1.V22.Test\Tyuiu.SimonovMA.Sprint3.Task1.V22.Test.csproj", "{4268DB0F-77E3-4267-9F9B-BBF785A45FEE}"
EndProject
Global
	GlobalSection(SolutionConfigurationPlatforms) = preSolution
		Debug|Any CPU = Debug|Any CPU
		Release|Any CPU = Release|Any CPU
	EndGlobalSection
	GlobalSection(ProjectConfigurationPlatforms) = postSolution
		{BCC150C8-CB9E-4AE0-97AF-A4AD0A0C37BA}.Debug|Any CPU.ActiveCfg = Debug|Any CPU
		{BCC150C8-CB9E-4AE0-97AF-A4AD0A0C37BA}.Debug|Any CPU.Build.0 = Debug|Any CPU
		{BCC150C8-CB9E-4AE0-97AF-A4AD0A0C37BA}.Release|Any CPU.ActiveCfg = Release|Any CPU
		{BCC150C8-CB9E-4AE0-97AF-A4AD0A0C37BA}.Release|Any CPU.Build.0 = Release|Any CPU
		{DD1E17AF-4CD0-4624-B442-733B88D63B67}.Debug|Any CPU.ActiveCfg = Debug|Any CPU
		{DD1E17AF-4CD0-4624-B442-733B88D63B67}.Debug|Any CPU.Build.0 = Debug|Any CPU
		{DD1E17AF-4CD0-4624-B442-733B88D63B67}.Release|Any CPU.ActiveCfg = Release|Any CPU
		{DD1E17AF-4CD0-4624-B442-733B88D63B67}.Release|Any CPU.Build.0 = Release|Any CPU
		{CA0187E1-BF7F-46D7-82F2-EDEBE3E64C34}.Debug|Any CPU.ActiveCfg = Debug|Any CPU
		{CA0187E1-BF7F-46D7-82F2-EDEBE3E64C34}.Debug|Any CPU.Build.0 = Debug|Any CPU
		{CA0187E1-BF7F-46D7-82F2-EDEBE3E64C34}.Release|Any CPU.ActiveCfg = Release|Any CPU
		{CA0187E1-BF7F-46D7-82F2-EDEBE3E64C34}.Release|Any CPU.Build.0 = Release|Any CPU
		{4EEF8E2A-FFCD-46A5-B66F-AE7E1D2EE4EE}.Debug|Any CPU.ActiveCfg = Debug|Any CPU
		{4EEF8E2A-FFCD-46A5-B66F-AE7E1D2EE4EE}.Debug|Any CPU.Build.0 = Debug|Any CPU
		{4EEF8E2A-FFCD-46A5-B66F-AE7E1D2EE4EE}.Release|Any CPU.ActiveCfg = Release|Any CPU
		{4EEF8E2A-FFCD-46A5-B66F-AE7E1D2EE4EE}.Release|Any CPU.Build.0 = Release|Any CPU
		{5191D298-D397-426C-9773-741B07885448}.Debug|Any CPU.ActiveCfg = Debug|Any CPU
		{5191D298-D397-426C-9773-741B07885448}.Debug|Any CPU.Build.0 = Debug|Any CPU
		{5191D298-D397-426C-9773-741B07885448}.Release|Any CPU.ActiveCfg = Release|Any CPU
		{5191D298-D397-426C-9773-741B07885448}.Release|Any CPU.Build.0 = Release|Any CPU
		{4268DB0F-77E3-4267-9F9B-BBF785A45FEE}.Debug|Any CPU.ActiveCfg = Debug|Any CPU
		{4268DB0F-77E3-4267-9F9B-BBF785A45FEE}.Debug|Any CPU.Build.0 = Debug|Any CPU
		{4268DB0F-77E3-4267-9F9B-BBF785A45FEE}.Release|Any CPU.ActiveCfg = Release|Any CPU
		{4268DB0F-77E3-4267-9F9B-BBF785A45FEE}.Release|Any CPU.Build.0 = Release|Any CPU
	EndGlobalSection
	GlobalSection(SolutionProperties) = preSolution
		HideSolutionNode = FALSE
	EndGlobalSection
	GlobalSection(NestedProjects) = preSolution
		{BCC150C8-CB9E-4AE0-97AF-A4AD0A0C37BA} = {BA7AEC12-09B1-4644-9A45-5CF674E1836F}
		{DD1E17AF-4CD0-4624-B442-733B88D63B67} = {BA7AEC12-09B1-4644-9A45-5CF674E1836F}
		{CA0187E1-BF7F-46D7-82F2-EDEBE3E64C34} = {BA7AEC12-09B1-4644-9A45-5CF674E1836F}
		{4EEF8E2A-FFCD-46A5-B66F-AE7E1D2EE4EE} = {855E4EFC-4E1C-4049-A927-4DE0DE8AAE9D}
		{5191D298-D397-426C-9773-741B07885448} = {855E4EFC-4E1C-4049-A927-4DE0DE8AAE9D}
		{4268DB0F-77E3-4267-9F9B-BBF785A45FEE} = {855E4EFC-4E1C-4049-A927-4DE0DE8AAE9D}
	EndGlobalSection
	GlobalSection(ExtensibilityGlobals) = postSolution
		SolutionGuid = {105A9500-C1A4-4E0B-A169-14EB0C94EF8E}
	EndGlobalSection
EndGlobal
