
Microsoft Visual Studio Solution File, Format Version 12.00
# Visual Studio Version 17
VisualStudioVersion = 17.11.35303.130
MinimumVisualStudioVersion = 10.0.40219.1
Project("{2150E333-8FDC-42A3-9474-1A3956D46DE8}") = "Task0", "Task0", "{BA7AEC12-09B1-4644-9A45-5CF674E1836F}"
EndProject
Project("{9A19103F-16F7-4668-BE54-9A1E7A4F7556}") = "Tyuiu.SimonovMA.Sprint3.Task0.V29", "Tyuiu.SimonovMA.Sprint3.Task0.V29\Tyuiu.SimonovMA.Sprint3.Task0.V29.csproj", "{BCC150C8-CB9E-4AE0-97AF-A4AD0A0C37BA}"
EndProject
Project("{9A19103F-16F7-4668-BE54-9A1E7A4F7556}") = "Tyuiu.SimonovMA.Sprint3.Task0.V29.Lib", "Tyuiu.SimonovMA.Sprint3.Task0.V29.Lib\Tyuiu.SimonovMA.Sprint3.Task0.V29.Lib.csproj", "{DD1E17AF-4CD0-4624-B442-733B88D63B67}"
EndProject
Project("{9A19103F-16F7-4668-BE54-9A1E7A4F7556}") = "Tyuiu.SimonovMA.Sprint3.Task0.V29.Test", "Tyuiu.SimonovMA.Sprint3.Task0.V29.Test\Tyuiu.SimonovMA.Sprint3.Task0.V29.Test.csproj", "{CA0187E1-BF7F-46D7-82F2-EDEBE3E64C34}"
EndProject
Project("{2150E333-8FDC-42A3-9474-1A3956D46DE8}") = "Task1", "Task1", "{855E4EFC-4E1C-4049-A927-4DE0DE8AAE9D}"
EndProject
Project("{9A19103F-16F7-4668-BE54-9A1E7A4F7556}") = "Tyuiu.SimonovMA.Sprint3.Task1.V22", "Tyuiu.SimonovMA.Sprint3.Task1.V22\Tyuiu.SimonovMA.Sprint3.Task1.V22.csproj", "{4EEF8E2A-FFCD-46A5-B66F-AE7E1D2EE4EE}"
EndProject
Project("{9A19103F-16F7-4668-BE54-9A1E7A4F7556}") = "Tyuiu.SimonovMA.Sprint3.Task1.V22.Lib", "Tyuiu.SimonovMA.Sprint3.Task1.V22.Lib\Tyuiu.SimonovMA.Sprint3.Task1.V22.Lib.csproj", "{5191D298-D397-426C-9773-741B07885448}"
EndProject
Project("{9A19103F-16F7-4668-BE54-9A1E7A4F7556}") = "Tyuiu.SimonovMA.Sprint3.Task1.V22.Test", "Tyuiu.SimonovMA.Sprint3.Task1.V22.Test\Tyuiu.SimonovMA.Sprint3.Task1.V22.Test.csproj", "{4268DB0F-77E3-4267-9F9B-BBF785A45FEE}"
EndProject
Project("{2150E333-8FDC-42A3-9474-1A3956D46DE8}") = "Task2", "Task2", "{4ED194A6-5314-47F7-9DAD-983B7FA4B6B4}"
EndProject
Project("{9A19103F-16F7-4668-BE54-9A1E7A4F7556}") = "Tyuiu.SimonovMA.Sprint3.Task2.V17", "Tyuiu.SimonovMA.Sprint3.Task2.V17\Tyuiu.SimonovMA.Sprint3.Task2.V17.csproj", "{DA97F06A-AD29-4703-88C9-6C7D2609AA9D}"
EndProject
Project("{9A19103F-16F7-4668-BE54-9A1E7A4F7556}") = "Tyuiu.SimonovMA.Sprint3.Task2.V17.Lib", "Tyuiu.SimonovMA.Sprint3.Task2.V17.Lib\Tyuiu.SimonovMA.Sprint3.Task2.V17.Lib.csproj", "{81CBA32F-A0AF-4F91-B30F-D1A10ED0D4CD}"
EndProject
Project("{9A19103F-16F7-4668-BE54-9A1E7A4F7556}") = "Tyuiu.SimonovMA.Sprint3.Task2.V17.Test", "Tyuiu.SimonovMA.Sprint3.Task2.V17.Test\Tyuiu.SimonovMA.Sprint3.Task2.V17.Test.csproj", "{A30C5EB0-BAE5-43A9-9243-74FB6BB6F05A}"
EndProject
Project("{2150E333-8FDC-42A3-9474-1A3956D46DE8}") = "Task3", "Task3", "{A45EE234-CE8A-44F7-9787-3DA3077DC339}"
EndProject
Project("{9A19103F-16F7-4668-BE54-9A1E7A4F7556}") = "Tyuiu.SimonovMA.Sprint3.Task3.V10", "Tyuiu.SimonovMA.Sprint3.Task3.V10\Tyuiu.SimonovMA.Sprint3.Task3.V10.csproj", "{B49F7ABE-E833-417C-9AEA-71BFDA68DC34}"
EndProject
Project("{9A19103F-16F7-4668-BE54-9A1E7A4F7556}") = "Tyuiu.SimonovMA.Sprint3.Task3.V10.Lib", "Tyuiu.SimonovMA.Sprint3.Task3.V10.Lib\Tyuiu.SimonovMA.Sprint3.Task3.V10.Lib.csproj", "{7E9BF9CC-09B0-4C49-8BA1-37E2E9292E2B}"
EndProject
Project("{9A19103F-16F7-4668-BE54-9A1E7A4F7556}") = "Tyuiu.SimonovMA.Sprint3.Task3.V10.Test", "Tyuiu.SimonovMA.Sprint3.Task3.V10.Test\Tyuiu.SimonovMA.Sprint3.Task3.V10.Test.csproj", "{EAB03F7E-B3D4-4637-B3FE-10FCA34E9B5B}"
EndProject
Project("{2150E333-8FDC-42A3-9474-1A3956D46DE8}") = "Task4", "Task4", "{305C99C5-CF8D-4C20-99CA-215714846A7D}"
EndProject
Project("{9A19103F-16F7-4668-BE54-9A1E7A4F7556}") = "Tyuiu.SimonovMA.Sprint3.Task4.V4", "Tyuiu.SimonovMA.Sprint3.Task4.V4\Tyuiu.SimonovMA.Sprint3.Task4.V4.csproj", "{86B02F2C-F8E6-4BCC-A9DE-9A1886EDF1BD}"
EndProject
Project("{9A19103F-16F7-4668-BE54-9A1E7A4F7556}") = "Tyuiu.SimonovMA.Sprint3.Task4.V4.Lib", "Tyuiu.SimonovMA.Sprint3.Task4.V4.Lib\Tyuiu.SimonovMA.Sprint3.Task4.V4.Lib.csproj", "{11C3C10D-83C4-4996-B82E-E625D208107C}"
EndProject
Project("{9A19103F-16F7-4668-BE54-9A1E7A4F7556}") = "Tyuiu.SimonovMA.Sprint3.Task4.V4.Test", "Tyuiu.SimonovMA.Sprint3.Task4.V4.Test\Tyuiu.SimonovMA.Sprint3.Task4.V4.Test.csproj", "{FAB0CF02-B497-4BD8-B209-A47F48D8387D}"
EndProject
Project("{2150E333-8FDC-42A3-9474-1A3956D46DE8}") = "Task5", "Task5", "{D56752DD-8576-470A-8CD2-05A332A88FA9}"
EndProject
Project("{9A19103F-16F7-4668-BE54-9A1E7A4F7556}") = "Tyuiu.SimonovMA.Sprint3.Task5.V29.Lib", "Tyuiu.SimonovMA.Sprint3.Task5.V29.Lib\Tyuiu.SimonovMA.Sprint3.Task5.V29.Lib.csproj", "{D108D8B9-BF73-42FA-BA81-6D160908324B}"
EndProject
Project("{9A19103F-16F7-4668-BE54-9A1E7A4F7556}") = "Tyuiu.SimonovMA.Sprint3.Task5.V29", "Tyuiu.SimonovMA.Sprint3.Task5.V29\Tyuiu.SimonovMA.Sprint3.Task5.V29.csproj", "{098BB892-BA2D-4020-9C0A-5798340663D5}"
EndProject
Project("{9A19103F-16F7-4668-BE54-9A1E7A4F7556}") = "Tyuiu.SimonovMA.Sprint3.Task5.V29.Test", "Tyuiu.SimonovMA.Sprint3.Task5.V29.Test\Tyuiu.SimonovMA.Sprint3.Task5.V29.Test.csproj", "{6598A58E-048F-460B-9937-7F70CDDAC88E}"
EndProject
Project("{2150E333-8FDC-42A3-9474-1A3956D46DE8}") = "Task6", "Task6", "{953B06E3-A11F-4E49-9D7D-9BA64C9CFE89}"
EndProject
Project("{FAE04EC0-301F-11D3-BF4B-00C04F79EFBC}") = "Tyuiu.SimonovMA.Sprint3.Task6.V5", "Tyuiu.SimonovMA.Sprint3.Task6.V5\Tyuiu.SimonovMA.Sprint3.Task6.V5.csproj", "{14391C83-F76E-4848-A885-A91F987C2A26}"
EndProject
Project("{FAE04EC0-301F-11D3-BF4B-00C04F79EFBC}") = "Tyuiu.SimonovMA.Sprint3.Task6.V5.Lib", "Tyuiu.SimonovMA.Sprint3.Task6.V5.Lib\Tyuiu.SimonovMA.Sprint3.Task6.V5.Lib.csproj", "{9B10BAAA-031D-430B-9B2D-B070CA450EDF}"
EndProject
Project("{FAE04EC0-301F-11D3-BF4B-00C04F79EFBC}") = "Tyuiu.SimonovMA.Sprint3.Task6.V5.Test", "Tyuiu.SimonovMA.Sprint3.Task6.V5.Test\Tyuiu.SimonovMA.Sprint3.Task6.V5.Test.csproj", "{C2F4BE97-937F-4943-A78B-CE02BD6A83F2}"
EndProject
Global
	GlobalSection(SolutionConfigurationPlatforms) = preSolution
		Debug|Any CPU = Debug|Any CPU
		Release|Any CPU = Release|Any CPU
	EndGlobalSection
	GlobalSection(ProjectConfigurationPlatforms) = postSolution
		{BCC150C8-CB9E-4AE0-97AF-A4AD0A0C37BA}.Debug|Any CPU.ActiveCfg = Debug|Any CPU
		{BCC150C8-CB9E-4AE0-97AF-A4AD0A0C37BA}.Debug|Any CPU.Build.0 = Debug|Any CPU
		{BCC150C8-CB9E-4AE0-97AF-A4AD0A0C37BA}.Release|Any CPU.ActiveCfg = Release|Any CPU
		{BCC150C8-CB9E-4AE0-97AF-A4AD0A0C37BA}.Release|Any CPU.Build.0 = Release|Any CPU
		{DD1E17AF-4CD0-4624-B442-733B88D63B67}.Debug|Any CPU.ActiveCfg = Debug|Any CPU
		{DD1E17AF-4CD0-4624-B442-733B88D63B67}.Debug|Any CPU.Build.0 = Debug|Any CPU
		{DD1E17AF-4CD0-4624-B442-733B88D63B67}.Release|Any CPU.ActiveCfg = Release|Any CPU
		{DD1E17AF-4CD0-4624-B442-733B88D63B67}.Release|Any CPU.Build.0 = Release|Any CPU
		{CA0187E1-BF7F-46D7-82F2-EDEBE3E64C34}.Debug|Any CPU.ActiveCfg = Debug|Any CPU
		{CA0187E1-BF7F-46D7-82F2-EDEBE3E64C34}.Debug|Any CPU.Build.0 = Debug|Any CPU
		{CA0187E1-BF7F-46D7-82F2-EDEBE3E64C34}.Release|Any CPU.ActiveCfg = Release|Any CPU
		{CA0187E1-BF7F-46D7-82F2-EDEBE3E64C34}.Release|Any CPU.Build.0 = Release|Any CPU
		{4EEF8E2A-FFCD-46A5-B66F-AE7E1D2EE4EE}.Debug|Any CPU.ActiveCfg = Debug|Any CPU
		{4EEF8E2A-FFCD-46A5-B66F-AE7E1D2EE4EE}.Debug|Any CPU.Build.0 = Debug|Any CPU
		{4EEF8E2A-FFCD-46A5-B66F-AE7E1D2EE4EE}.Release|Any CPU.ActiveCfg = Release|Any CPU
		{4EEF8E2A-FFCD-46A5-B66F-AE7E1D2EE4EE}.Release|Any CPU.Build.0 = Release|Any CPU
		{5191D298-D397-426C-9773-741B07885448}.Debug|Any CPU.ActiveCfg = Debug|Any CPU
		{5191D298-D397-426C-9773-741B07885448}.Debug|Any CPU.Build.0 = Debug|Any CPU
		{5191D298-D397-426C-9773-741B07885448}.Release|Any CPU.ActiveCfg = Release|Any CPU
		{5191D298-D397-426C-9773-741B07885448}.Release|Any CPU.Build.0 = Release|Any CPU
		{4268DB0F-77E3-4267-9F9B-BBF785A45FEE}.Debug|Any CPU.ActiveCfg = Debug|Any CPU
		{4268DB0F-77E3-4267-9F9B-BBF785A45FEE}.Debug|Any CPU.Build.0 = Debug|Any CPU
		{4268DB0F-77E3-4267-9F9B-BBF785A45FEE}.Release|Any CPU.ActiveCfg = Release|Any CPU
		{4268DB0F-77E3-4267-9F9B-BBF785A45FEE}.Release|Any CPU.Build.0 = Release|Any CPU
		{DA97F06A-AD29-4703-88C9-6C7D2609AA9D}.Debug|Any CPU.ActiveCfg = Debug|Any CPU
		{DA97F06A-AD29-4703-88C9-6C7D2609AA9D}.Debug|Any CPU.Build.0 = Debug|Any CPU
		{DA97F06A-AD29-4703-88C9-6C7D2609AA9D}.Release|Any CPU.ActiveCfg = Release|Any CPU
		{DA97F06A-AD29-4703-88C9-6C7D2609AA9D}.Release|Any CPU.Build.0 = Release|Any CPU
		{81CBA32F-A0AF-4F91-B30F-D1A10ED0D4CD}.Debug|Any CPU.ActiveCfg = Debug|Any CPU
		{81CBA32F-A0AF-4F91-B30F-D1A10ED0D4CD}.Debug|Any CPU.Build.0 = Debug|Any CPU
		{81CBA32F-A0AF-4F91-B30F-D1A10ED0D4CD}.Release|Any CPU.ActiveCfg = Release|Any CPU
		{81CBA32F-A0AF-4F91-B30F-D1A10ED0D4CD}.Release|Any CPU.Build.0 = Release|Any CPU
		{A30C5EB0-BAE5-43A9-9243-74FB6BB6F05A}.Debug|Any CPU.ActiveCfg = Debug|Any CPU
		{A30C5EB0-BAE5-43A9-9243-74FB6BB6F05A}.Debug|Any CPU.Build.0 = Debug|Any CPU
		{A30C5EB0-BAE5-43A9-9243-74FB6BB6F05A}.Release|Any CPU.ActiveCfg = Release|Any CPU
		{A30C5EB0-BAE5-43A9-9243-74FB6BB6F05A}.Release|Any CPU.Build.0 = Release|Any CPU
		{B49F7ABE-E833-417C-9AEA-71BFDA68DC34}.Debug|Any CPU.ActiveCfg = Debug|Any CPU
		{B49F7ABE-E833-417C-9AEA-71BFDA68DC34}.Debug|Any CPU.Build.0 = Debug|Any CPU
		{B49F7ABE-E833-417C-9AEA-71BFDA68DC34}.Release|Any CPU.ActiveCfg = Release|Any CPU
		{B49F7ABE-E833-417C-9AEA-71BFDA68DC34}.Release|Any CPU.Build.0 = Release|Any CPU
		{7E9BF9CC-09B0-4C49-8BA1-37E2E9292E2B}.Debug|Any CPU.ActiveCfg = Debug|Any CPU
		{7E9BF9CC-09B0-4C49-8BA1-37E2E9292E2B}.Debug|Any CPU.Build.0 = Debug|Any CPU
		{7E9BF9CC-09B0-4C49-8BA1-37E2E9292E2B}.Release|Any CPU.ActiveCfg = Release|Any CPU
		{7E9BF9CC-09B0-4C49-8BA1-37E2E9292E2B}.Release|Any CPU.Build.0 = Release|Any CPU
		{EAB03F7E-B3D4-4637-B3FE-10FCA34E9B5B}.Debug|Any CPU.ActiveCfg = Debug|Any CPU
		{EAB03F7E-B3D4-4637-B3FE-10FCA34E9B5B}.Debug|Any CPU.Build.0 = Debug|Any CPU
		{EAB03F7E-B3D4-4637-B3FE-10FCA34E9B5B}.Release|Any CPU.ActiveCfg = Release|Any CPU
		{EAB03F7E-B3D4-4637-B3FE-10FCA34E9B5B}.Release|Any CPU.Build.0 = Release|Any CPU
		{86B02F2C-F8E6-4BCC-A9DE-9A1886EDF1BD}.Debug|Any CPU.ActiveCfg = Debug|Any CPU
		{86B02F2C-F8E6-4BCC-A9DE-9A1886EDF1BD}.Debug|Any CPU.Build.0 = Debug|Any CPU
		{86B02F2C-F8E6-4BCC-A9DE-9A1886EDF1BD}.Release|Any CPU.ActiveCfg = Release|Any CPU
		{86B02F2C-F8E6-4BCC-A9DE-9A1886EDF1BD}.Release|Any CPU.Build.0 = Release|Any CPU
		{11C3C10D-83C4-4996-B82E-E625D208107C}.Debug|Any CPU.ActiveCfg = Debug|Any CPU
		{11C3C10D-83C4-4996-B82E-E625D208107C}.Debug|Any CPU.Build.0 = Debug|Any CPU
		{11C3C10D-83C4-4996-B82E-E625D208107C}.Release|Any CPU.ActiveCfg = Release|Any CPU
		{11C3C10D-83C4-4996-B82E-E625D208107C}.Release|Any CPU.Build.0 = Release|Any CPU
		{FAB0CF02-B497-4BD8-B209-A47F48D8387D}.Debug|Any CPU.ActiveCfg = Debug|Any CPU
		{FAB0CF02-B497-4BD8-B209-A47F48D8387D}.Debug|Any CPU.Build.0 = Debug|Any CPU
		{FAB0CF02-B497-4BD8-B209-A47F48D8387D}.Release|Any CPU.ActiveCfg = Release|Any CPU
		{FAB0CF02-B497-4BD8-B209-A47F48D8387D}.Release|Any CPU.Build.0 = Release|Any CPU
		{D108D8B9-BF73-42FA-BA81-6D160908324B}.Debug|Any CPU.ActiveCfg = Debug|Any CPU
		{D108D8B9-BF73-42FA-BA81-6D160908324B}.Debug|Any CPU.Build.0 = Debug|Any CPU
		{D108D8B9-BF73-42FA-BA81-6D160908324B}.Release|Any CPU.ActiveCfg = Release|Any CPU
		{D108D8B9-BF73-42FA-BA81-6D160908324B}.Release|Any CPU.Build.0 = Release|Any CPU
		{098BB892-BA2D-4020-9C0A-5798340663D5}.Debug|Any CPU.ActiveCfg = Debug|Any CPU
		{098BB892-BA2D-4020-9C0A-5798340663D5}.Debug|Any CPU.Build.0 = Debug|Any CPU
		{098BB892-BA2D-4020-9C0A-5798340663D5}.Release|Any CPU.ActiveCfg = Release|Any CPU
		{098BB892-BA2D-4020-9C0A-5798340663D5}.Release|Any CPU.Build.0 = Release|Any CPU
		{6598A58E-048F-460B-9937-7F70CDDAC88E}.Debug|Any CPU.ActiveCfg = Debug|Any CPU
		{6598A58E-048F-460B-9937-7F70CDDAC88E}.Debug|Any CPU.Build.0 = Debug|Any CPU
		{6598A58E-048F-460B-9937-7F70CDDAC88E}.Release|Any CPU.ActiveCfg = Release|Any CPU
		{6598A58E-048F-460B-9937-7F70CDDAC88E}.Release|Any CPU.Build.0 = Release|Any CPU
		{14391C83-F76E-4848-A885-A91F987C2A26}.Debug|Any CPU.ActiveCfg = Debug|Any CPU
		{14391C83-F76E-4848-A885-A91F987C2A26}.Debug|Any CPU.Build.0 = Debug|Any CPU
		{14391C83-F76E-4848-A885-A91F987C2A26}.Release|Any CPU.ActiveCfg = Release|Any CPU
		{14391C83-F76E-4848-A885-A91F987C2A26}.Release|Any CPU.Build.0 = Release|Any CPU
		{9B10BAAA-031D-430B-9B2D-B070CA450EDF}.Debug|Any CPU.ActiveCfg = Debug|Any CPU
		{9B10BAAA-031D-430B-9B2D-B070CA450EDF}.Debug|Any CPU.Build.0 = Debug|Any CPU
		{9B10BAAA-031D-430B-9B2D-B070CA450EDF}.Release|Any CPU.ActiveCfg = Release|Any CPU
		{9B10BAAA-031D-430B-9B2D-B070CA450EDF}.Release|Any CPU.Build.0 = Release|Any CPU
		{C2F4BE97-937F-4943-A78B-CE02BD6A83F2}.Debug|Any CPU.ActiveCfg = Debug|Any CPU
		{C2F4BE97-937F-4943-A78B-CE02BD6A83F2}.Debug|Any CPU.Build.0 = Debug|Any CPU
		{C2F4BE97-937F-4943-A78B-CE02BD6A83F2}.Release|Any CPU.ActiveCfg = Release|Any CPU
		{C2F4BE97-937F-4943-A78B-CE02BD6A83F2}.Release|Any CPU.Build.0 = Release|Any CPU
	EndGlobalSection
	GlobalSection(SolutionProperties) = preSolution
		HideSolutionNode = FALSE
	EndGlobalSection
	GlobalSection(NestedProjects) = preSolution
		{BCC150C8-CB9E-4AE0-97AF-A4AD0A0C37BA} = {BA7AEC12-09B1-4644-9A45-5CF674E1836F}
		{DD1E17AF-4CD0-4624-B442-733B88D63B67} = {BA7AEC12-09B1-4644-9A45-5CF674E1836F}
		{CA0187E1-BF7F-46D7-82F2-EDEBE3E64C34} = {BA7AEC12-09B1-4644-9A45-5CF674E1836F}
		{4EEF8E2A-FFCD-46A5-B66F-AE7E1D2EE4EE} = {855E4EFC-4E1C-4049-A927-4DE0DE8AAE9D}
		{5191D298-D397-426C-9773-741B07885448} = {855E4EFC-4E1C-4049-A927-4DE0DE8AAE9D}
		{4268DB0F-77E3-4267-9F9B-BBF785A45FEE} = {855E4EFC-4E1C-4049-A927-4DE0DE8AAE9D}
		{DA97F06A-AD29-4703-88C9-6C7D2609AA9D} = {4ED194A6-5314-47F7-9DAD-983B7FA4B6B4}
		{81CBA32F-A0AF-4F91-B30F-D1A10ED0D4CD} = {4ED194A6-5314-47F7-9DAD-983B7FA4B6B4}
		{A30C5EB0-BAE5-43A9-9243-74FB6BB6F05A} = {4ED194A6-5314-47F7-9DAD-983B7FA4B6B4}
		{B49F7ABE-E833-417C-9AEA-71BFDA68DC34} = {A45EE234-CE8A-44F7-9787-3DA3077DC339}
		{7E9BF9CC-09B0-4C49-8BA1-37E2E9292E2B} = {A45EE234-CE8A-44F7-9787-3DA3077DC339}
		{EAB03F7E-B3D4-4637-B3FE-10FCA34E9B5B} = {A45EE234-CE8A-44F7-9787-3DA3077DC339}
		{86B02F2C-F8E6-4BCC-A9DE-9A1886EDF1BD} = {305C99C5-CF8D-4C20-99CA-215714846A7D}
		{11C3C10D-83C4-4996-B82E-E625D208107C} = {305C99C5-CF8D-4C20-99CA-215714846A7D}
		{FAB0CF02-B497-4BD8-B209-A47F48D8387D} = {305C99C5-CF8D-4C20-99CA-215714846A7D}
		{D108D8B9-BF73-42FA-BA81-6D160908324B} = {D56752DD-8576-470A-8CD2-05A332A88FA9}
		{098BB892-BA2D-4020-9C0A-5798340663D5} = {D56752DD-8576-470A-8CD2-05A332A88FA9}
		{6598A58E-048F-460B-9937-7F70CDDAC88E} = {D56752DD-8576-470A-8CD2-05A332A88FA9}
		{14391C83-F76E-4848-A885-A91F987C2A26} = {953B06E3-A11F-4E49-9D7D-9BA64C9CFE89}
		{9B10BAAA-031D-430B-9B2D-B070CA450EDF} = {953B06E3-A11F-4E49-9D7D-9BA64C9CFE89}
		{C2F4BE97-937F-4943-A78B-CE02BD6A83F2} = {953B06E3-A11F-4E49-9D7D-9BA64C9CFE89}
	EndGlobalSection
	GlobalSection(ExtensibilityGlobals) = postSolution
		SolutionGuid = {105A9500-C1A4-4E0B-A169-14EB0C94EF8E}
	EndGlobalSection
EndGlobal
